github.com/parasquid/selloff-theme v0.0.0-20250805063947-cb9f38828ebf h1:c7FYLgKucopVz3Qx/SfrLn5YQLJqRn0xF/NEv/J/KWU=
github.com/parasquid/selloff-theme v0.0.0-20250805063947-cb9f38828ebf/go.mod h1:sgUAMd7K3T08bgZN0MvoeNgSJdb/2+8QvxKgki0I9qA=
github.com/parasquid/selloff-theme v0.0.0-20250805070219-4ba0ab17a3d2 h1:M2luun4cHlHWJz4/C2H9E4QZYDxN/3Gp3Pxe+/ovDkg=
github.com/parasquid/selloff-theme v0.0.0-20250805070219-4ba0ab17a3d2/go.mod h1:sgUAMd7K3T08bgZN0MvoeNgSJdb/2+8QvxKgki0I9qA=
github.com/parasquid/selloff-theme v0.0.0-20250805083238-5a157766b3b3 h1:hJQuwf4Ovchn71Z9OZKJCjxd3G+oiD7x07PKL66XEXI=
github.com/parasquid/selloff-theme v0.0.0-20250805083238-5a157766b3b3/go.mod h1:sgUAMd7K3T08bgZN0MvoeNgSJdb/2+8QvxKgki0I9qA=
